
Microsoft Visual Studio Solution File, Format Version 12.00
# Visual Studio Version 16
VisualStudioVersion = 16.0.29306.81
MinimumVisualStudioVersion = 10.0.40219.1
Project("{2150E333-8FDC-42A3-9474-1A3956D46DE8}") = "Solution Items", "Solution Items", "{53B73CE7-5B22-4E08-A440-28C525C2F7A4}"
	ProjectSection(SolutionItems) = preProject
		README.md = README.md
	EndProjectSection
EndProject
Project("{9A19103F-16F7-4668-BE54-9A1E7A4F7556}") = "UsersApi", "UsersApi\UsersApi.csproj", "{E105D3E6-122F-4309-8BC0-130E70CFA4C9}"
EndProject
Global
	GlobalSection(SolutionConfigurationPlatforms) = preSolution
		Debug|Any CPU = Debug|Any CPU
		Release|Any CPU = Release|Any CPU
	EndGlobalSection
	GlobalSection(ProjectConfigurationPlatforms) = postSolution
		{E105D3E6-122F-4309-8BC0-130E70CFA4C9}.Debug|Any CPU.ActiveCfg = Debug|Any CPU
		{E105D3E6-122F-4309-8BC0-130E70CFA4C9}.Debug|Any CPU.Build.0 = Debug|Any CPU
		{E105D3E6-122F-4309-8BC0-130E70CFA4C9}.Release|Any CPU.ActiveCfg = Release|Any CPU
		{E105D3E6-122F-4309-8BC0-130E70CFA4C9}.Release|Any CPU.Build.0 = Release|Any CPU
	EndGlobalSection
	GlobalSection(SolutionProperties) = preSolution
		HideSolutionNode = FALSE
	EndGlobalSection
	GlobalSection(ExtensibilityGlobals) = postSolution
		SolutionGuid = {D391F8CF-0424-4521-9BA9-2B7BDA05284E}
	EndGlobalSection
EndGlobal
